
Microsoft Visual Studio Solution File, Format Version 12.00
# Visual Studio Version 17
VisualStudioVersion = 17.5.33530.505
MinimumVisualStudioVersion = 10.0.40219.1
Project("{FAE04EC0-301F-11D3-BF4B-00C04F79EFBC}") = "TX", "TX.csproj", "{761D32B9-1950-4349-A4D7-39884170BA1A}"
EndProject
Project("{FAE04EC0-301F-11D3-BF4B-00C04F79EFBC}") = "Zy_Zy", "..\Zy_Zy\Zy_Zy.csproj", "{BC9043CB-9D6E-4FEC-876B-9E37B9995291}"
EndProject
Project("{FAE04EC0-301F-11D3-BF4B-00C04F79EFBC}") = "zhiyin_2", "..\zhiyin_2\zhiyin_2.csproj", "{88863647-CF1B-4B98-88DA-680CBA24F705}"
EndProject
Project("{FAE04EC0-301F-11D3-BF4B-00C04F79EFBC}") = "WindowsFormsApp1", "..\WindowsFormsApp1\WindowsFormsApp1.csproj", "{B437B58E-7379-4024-B2CC-F24DAA92A784}"
EndProject
Project("{FAE04EC0-301F-11D3-BF4B-00C04F79EFBC}") = "Screensaver_Zhiyin", "..\Screensaver_Zhiyin\Screensaver_Zhiyin.csproj", "{5CE1D526-A9D5-4684-B0C8-00E378E3CE3F}"
EndProject
Project("{FAE04EC0-301F-11D3-BF4B-00C04F79EFBC}") = "RayTrace", "..\RayTrace\RayTrace.csproj", "{E7BCC338-7E50-48B5-BAB5-72CADE33F7BE}"
EndProject
Project("{FAE04EC0-301F-11D3-BF4B-00C04F79EFBC}") = "qqTest", "..\qqTest\qqTest.csproj", "{2768A216-A126-4A1A-A48C-BABB7C050C49}"
EndProject
Project("{FAE04EC0-301F-11D3-BF4B-00C04F79EFBC}") = "ppt", "..\ppt\ppt.csproj", "{22291AA7-1082-4444-8816-8A8BB76EF2F6}"
EndProject
Project("{FAE04EC0-301F-11D3-BF4B-00C04F79EFBC}") = "OpenPPM", "..\OpenPPM\OpenPPM.csproj", "{A6D0EB60-43DA-424E-8D91-44042B3E44D2}"
EndProject
Project("{FAE04EC0-301F-11D3-BF4B-00C04F79EFBC}") = "KWProgress", "..\KWProgress\KWProgress.csproj", "{E3137EC5-3BAB-4B37-9E13-CC776BA595A1}"
EndProject
Project("{FAE04EC0-301F-11D3-BF4B-00C04F79EFBC}") = "kwMusic", "..\kwMusic\kwMusic.csproj", "{95FA2F1D-9F26-4DD0-915E-8E3FA861D853}"
EndProject
Project("{FAE04EC0-301F-11D3-BF4B-00C04F79EFBC}") = "HelloWorld", "..\HelloWorld\HelloWorld.csproj", "{365D4AA0-1CF7-4B1A-9F94-E64D30FA4882}"
EndProject
Project("{FAE04EC0-301F-11D3-BF4B-00C04F79EFBC}") = "Generatingtopic", "..\Generatingtopic\Generatingtopic.csproj", "{7F1B4637-6B1C-402F-82EE-E6356DD77BBF}"
EndProject
Project("{FAE04EC0-301F-11D3-BF4B-00C04F79EFBC}") = "Demo02", "..\Demo02\Demo02.csproj", "{C15B386A-B479-41F6-B881-1EEA6542B368}"
EndProject
Project("{FAE04EC0-301F-11D3-BF4B-00C04F79EFBC}") = "Demo01", "..\Demo01\Demo01.csproj", "{5B22CE94-59E5-4D6A-929D-C105470DF5A0}"
EndProject
Project("{FAE04EC0-301F-11D3-BF4B-00C04F79EFBC}") = "CSGO_OpenBox_Simulator", "..\CSGO_OpenBox_Simulator\CSGO_OpenBox_Simulator.csproj", "{7AE93837-5832-4329-A8F5-FBD07A989CE1}"
EndProject
Project("{FAE04EC0-301F-11D3-BF4B-00C04F79EFBC}") = "JLGJ3.0_test", "..\JLGJ3.0_test\JLGJ3.0_test.csproj", "{457B0142-18AB-47FC-BC8A-EDA9C600D45F}"
EndProject
Global
	GlobalSection(SolutionConfigurationPlatforms) = preSolution
		Debug|Any CPU = Debug|Any CPU
		Release|Any CPU = Release|Any CPU
	EndGlobalSection
	GlobalSection(ProjectConfigurationPlatforms) = postSolution
		{761D32B9-1950-4349-A4D7-39884170BA1A}.Debug|Any CPU.ActiveCfg = Debug|Any CPU
		{761D32B9-1950-4349-A4D7-39884170BA1A}.Debug|Any CPU.Build.0 = Debug|Any CPU
		{761D32B9-1950-4349-A4D7-39884170BA1A}.Release|Any CPU.ActiveCfg = Release|Any CPU
		{761D32B9-1950-4349-A4D7-39884170BA1A}.Release|Any CPU.Build.0 = Release|Any CPU
		{BC9043CB-9D6E-4FEC-876B-9E37B9995291}.Debug|Any CPU.ActiveCfg = Debug|Any CPU
		{BC9043CB-9D6E-4FEC-876B-9E37B9995291}.Debug|Any CPU.Build.0 = Debug|Any CPU
		{BC9043CB-9D6E-4FEC-876B-9E37B9995291}.Release|Any CPU.ActiveCfg = Release|Any CPU
		{BC9043CB-9D6E-4FEC-876B-9E37B9995291}.Release|Any CPU.Build.0 = Release|Any CPU
		{88863647-CF1B-4B98-88DA-680CBA24F705}.Debug|Any CPU.ActiveCfg = Debug|Any CPU
		{88863647-CF1B-4B98-88DA-680CBA24F705}.Debug|Any CPU.Build.0 = Debug|Any CPU
		{88863647-CF1B-4B98-88DA-680CBA24F705}.Release|Any CPU.ActiveCfg = Release|Any CPU
		{88863647-CF1B-4B98-88DA-680CBA24F705}.Release|Any CPU.Build.0 = Release|Any CPU
		{B437B58E-7379-4024-B2CC-F24DAA92A784}.Debug|Any CPU.ActiveCfg = Debug|Any CPU
		{B437B58E-7379-4024-B2CC-F24DAA92A784}.Debug|Any CPU.Build.0 = Debug|Any CPU
		{B437B58E-7379-4024-B2CC-F24DAA92A784}.Release|Any CPU.ActiveCfg = Release|Any CPU
		{B437B58E-7379-4024-B2CC-F24DAA92A784}.Release|Any CPU.Build.0 = Release|Any CPU
		{5CE1D526-A9D5-4684-B0C8-00E378E3CE3F}.Debug|Any CPU.ActiveCfg = Debug|Any CPU
		{5CE1D526-A9D5-4684-B0C8-00E378E3CE3F}.Debug|Any CPU.Build.0 = Debug|Any CPU
		{5CE1D526-A9D5-4684-B0C8-00E378E3CE3F}.Release|Any CPU.ActiveCfg = Release|Any CPU
		{5CE1D526-A9D5-4684-B0C8-00E378E3CE3F}.Release|Any CPU.Build.0 = Release|Any CPU
		{E7BCC338-7E50-48B5-BAB5-72CADE33F7BE}.Debug|Any CPU.ActiveCfg = Debug|Any CPU
		{E7BCC338-7E50-48B5-BAB5-72CADE33F7BE}.Debug|Any CPU.Build.0 = Debug|Any CPU
		{E7BCC338-7E50-48B5-BAB5-72CADE33F7BE}.Release|Any CPU.ActiveCfg = Release|Any CPU
		{E7BCC338-7E50-48B5-BAB5-72CADE33F7BE}.Release|Any CPU.Build.0 = Release|Any CPU
		{2768A216-A126-4A1A-A48C-BABB7C050C49}.Debug|Any CPU.ActiveCfg = Debug|Any CPU
		{2768A216-A126-4A1A-A48C-BABB7C050C49}.Debug|Any CPU.Build.0 = Debug|Any CPU
		{2768A216-A126-4A1A-A48C-BABB7C050C49}.Release|Any CPU.ActiveCfg = Release|Any CPU
		{2768A216-A126-4A1A-A48C-BABB7C050C49}.Release|Any CPU.Build.0 = Release|Any CPU
		{22291AA7-1082-4444-8816-8A8BB76EF2F6}.Debug|Any CPU.ActiveCfg = Debug|Any CPU
		{22291AA7-1082-4444-8816-8A8BB76EF2F6}.Debug|Any CPU.Build.0 = Debug|Any CPU
		{22291AA7-1082-4444-8816-8A8BB76EF2F6}.Release|Any CPU.ActiveCfg = Release|Any CPU
		{22291AA7-1082-4444-8816-8A8BB76EF2F6}.Release|Any CPU.Build.0 = Release|Any CPU
		{A6D0EB60-43DA-424E-8D91-44042B3E44D2}.Debug|Any CPU.ActiveCfg = Debug|Any CPU
		{A6D0EB60-43DA-424E-8D91-44042B3E44D2}.Debug|Any CPU.Build.0 = Debug|Any CPU
		{A6D0EB60-43DA-424E-8D91-44042B3E44D2}.Release|Any CPU.ActiveCfg = Release|Any CPU
		{A6D0EB60-43DA-424E-8D91-44042B3E44D2}.Release|Any CPU.Build.0 = Release|Any CPU
		{E3137EC5-3BAB-4B37-9E13-CC776BA595A1}.Debug|Any CPU.ActiveCfg = Debug|Any CPU
		{E3137EC5-3BAB-4B37-9E13-CC776BA595A1}.Debug|Any CPU.Build.0 = Debug|Any CPU
		{E3137EC5-3BAB-4B37-9E13-CC776BA595A1}.Release|Any CPU.ActiveCfg = Release|Any CPU
		{E3137EC5-3BAB-4B37-9E13-CC776BA595A1}.Release|Any CPU.Build.0 = Release|Any CPU
		{95FA2F1D-9F26-4DD0-915E-8E3FA861D853}.Debug|Any CPU.ActiveCfg = Debug|Any CPU
		{95FA2F1D-9F26-4DD0-915E-8E3FA861D853}.Debug|Any CPU.Build.0 = Debug|Any CPU
		{95FA2F1D-9F26-4DD0-915E-8E3FA861D853}.Release|Any CPU.ActiveCfg = Release|Any CPU
		{95FA2F1D-9F26-4DD0-915E-8E3FA861D853}.Release|Any CPU.Build.0 = Release|Any CPU
		{365D4AA0-1CF7-4B1A-9F94-E64D30FA4882}.Debug|Any CPU.ActiveCfg = Debug|Any CPU
		{365D4AA0-1CF7-4B1A-9F94-E64D30FA4882}.Debug|Any CPU.Build.0 = Debug|Any CPU
		{365D4AA0-1CF7-4B1A-9F94-E64D30FA4882}.Release|Any CPU.ActiveCfg = Release|Any CPU
		{365D4AA0-1CF7-4B1A-9F94-E64D30FA4882}.Release|Any CPU.Build.0 = Release|Any CPU
		{7F1B4637-6B1C-402F-82EE-E6356DD77BBF}.Debug|Any CPU.ActiveCfg = Debug|Any CPU
		{7F1B4637-6B1C-402F-82EE-E6356DD77BBF}.Debug|Any CPU.Build.0 = Debug|Any CPU
		{7F1B4637-6B1C-402F-82EE-E6356DD77BBF}.Release|Any CPU.ActiveCfg = Release|Any CPU
		{7F1B4637-6B1C-402F-82EE-E6356DD77BBF}.Release|Any CPU.Build.0 = Release|Any CPU
		{C15B386A-B479-41F6-B881-1EEA6542B368}.Debug|Any CPU.ActiveCfg = Debug|Any CPU
		{C15B386A-B479-41F6-B881-1EEA6542B368}.Debug|Any CPU.Build.0 = Debug|Any CPU
		{C15B386A-B479-41F6-B881-1EEA6542B368}.Release|Any CPU.ActiveCfg = Release|Any CPU
		{C15B386A-B479-41F6-B881-1EEA6542B368}.Release|Any CPU.Build.0 = Release|Any CPU
		{5B22CE94-59E5-4D6A-929D-C105470DF5A0}.Debug|Any CPU.ActiveCfg = Debug|Any CPU
		{5B22CE94-59E5-4D6A-929D-C105470DF5A0}.Debug|Any CPU.Build.0 = Debug|Any CPU
		{5B22CE94-59E5-4D6A-929D-C105470DF5A0}.Release|Any CPU.ActiveCfg = Release|Any CPU
		{5B22CE94-59E5-4D6A-929D-C105470DF5A0}.Release|Any CPU.Build.0 = Release|Any CPU
		{7AE93837-5832-4329-A8F5-FBD07A989CE1}.Debug|Any CPU.ActiveCfg = Debug|Any CPU
		{7AE93837-5832-4329-A8F5-FBD07A989CE1}.Debug|Any CPU.Build.0 = Debug|Any CPU
		{7AE93837-5832-4329-A8F5-FBD07A989CE1}.Release|Any CPU.ActiveCfg = Release|Any CPU
		{7AE93837-5832-4329-A8F5-FBD07A989CE1}.Release|Any CPU.Build.0 = Release|Any CPU
		{457B0142-18AB-47FC-BC8A-EDA9C600D45F}.Debug|Any CPU.ActiveCfg = Debug|Any CPU
		{457B0142-18AB-47FC-BC8A-EDA9C600D45F}.Debug|Any CPU.Build.0 = Debug|Any CPU
		{457B0142-18AB-47FC-BC8A-EDA9C600D45F}.Release|Any CPU.ActiveCfg = Release|Any CPU
		{457B0142-18AB-47FC-BC8A-EDA9C600D45F}.Release|Any CPU.Build.0 = Release|Any CPU
	EndGlobalSection
	GlobalSection(SolutionProperties) = preSolution
		HideSolutionNode = FALSE
	EndGlobalSection
	GlobalSection(ExtensibilityGlobals) = postSolution
		SolutionGuid = {BFA1F70F-525D-4ED3-BD56-BB22A061E44C}
	EndGlobalSection
EndGlobal
